PODS:
  - Alamofire (4.8.1)
  - Nimble (7.1.3)

DEPENDENCIES:
  - Alamofire
  - Nimble

SPEC REPOS:
  https://github.com/cocoapods/specs.git:
    - Alamofire
    - Nimble

SPEC CHECKSUMS:
  Alamofire: 16ce2c353fb72865124ddae8a57c5942388f4f11
  Nimble: 2839b01d1b31f6a6a7777a221f0d91cf52e8e27b

PODFILE CHECKSUM: 20c70dbe47a4e4ce1c7877dc78d2bbebb5ec19ce

COCOAPODS: 1.5.3
